
Microsoft Visual Studio Solution File, Format Version 12.00
# Visual Studio Version 17
VisualStudioVersion = 17.9.34902.65
MinimumVisualStudioVersion = 10.0.40219.1
Project("{9A19103F-16F7-4668-BE54-9A1E7A4F7556}") = "ShimmerEvilConvert", "ShimmerEvilConvert.csproj", "{748E8066-3215-45A5-9F58-9471BFAD80F2}"
EndProject
Global
	GlobalSection(SolutionConfigurationPlatforms) = preSolution
		Debug|Any CPU = Debug|Any CPU
		Release|Any CPU = Release|Any CPU
	EndGlobalSection
	GlobalSection(ProjectConfigurationPlatforms) = postSolution
		{748E8066-3215-45A5-9F58-9471BFAD80F2}.Debug|Any CPU.ActiveCfg = Debug|Any CPU
		{748E8066-3215-45A5-9F58-9471BFAD80F2}.Debug|Any CPU.Build.0 = Debug|Any CPU
		{748E8066-3215-45A5-9F58-9471BFAD80F2}.Release|Any CPU.ActiveCfg = Release|Any CPU
		{748E8066-3215-45A5-9F58-9471BFAD80F2}.Release|Any CPU.Build.0 = Release|Any CPU
	EndGlobalSection
	GlobalSection(SolutionProperties) = preSolution
		HideSolutionNode = FALSE
	EndGlobalSection
	GlobalSection(ExtensibilityGlobals) = postSolution
		SolutionGuid = {7E19641B-7E7C-40F2-BFB7-4874492C8891}
	EndGlobalSection
EndGlobal
